Microsoft Visual Studio Solution File, Format Version 12.00
# Visual Studio Version 17
VisualStudioVersion = 17.12.35506.116
MinimumVisualStudioVersion = 10.0.40219.1
Project("{FAE04EC0-301F-11D3-BF4B-00C04F79EFBC}") = "AspireApp.AppHost", "AspireAppTreino.AppHost\AspireApp.AppHost.csproj", "{2FE88E25-4424-40AB-A848-6B6264163DB7}"
EndProject
Project("{FAE04EC0-301F-11D3-BF4B-00C04F79EFBC}") = "AspireApp.ServiceDefaults", "AspireAppTreino.ServiceDefaults\AspireApp.ServiceDefaults.csproj", "{17A31A03-633C-43C2-AC37-6335C7DD5CD1}"
EndProject
Project("{FAE04EC0-301F-11D3-BF4B-00C04F79EFBC}") = "BlazorChat", "BlazorChat\BlazorChat.csproj", "{44178E58-BB99-4771-BA91-8BFAC8D42163}"
EndProject
Global
	GlobalSection(SolutionConfigurationPlatforms) = preSolution
		Debug|Any CPU = Debug|Any CPU
		Release|Any CPU = Release|Any CPU
	EndGlobalSection
	GlobalSection(ProjectConfigurationPlatforms) = postSolution
		{2FE88E25-4424-40AB-A848-6B6264163DB7}.Debug|Any CPU.ActiveCfg = Debug|Any CPU
		{2FE88E25-4424-40AB-A848-6B6264163DB7}.Debug|Any CPU.Build.0 = Debug|Any CPU
		{2FE88E25-4424-40AB-A848-6B6264163DB7}.Release|Any CPU.ActiveCfg = Release|Any CPU
		{2FE88E25-4424-40AB-A848-6B6264163DB7}.Release|Any CPU.Build.0 = Release|Any CPU
		{17A31A03-633C-43C2-AC37-6335C7DD5CD1}.Debug|Any CPU.ActiveCfg = Debug|Any CPU
		{17A31A03-633C-43C2-AC37-6335C7DD5CD1}.Debug|Any CPU.Build.0 = Debug|Any CPU
		{17A31A03-633C-43C2-AC37-6335C7DD5CD1}.Release|Any CPU.ActiveCfg = Release|Any CPU
		{17A31A03-633C-43C2-AC37-6335C7DD5CD1}.Release|Any CPU.Build.0 = Release|Any CPU
		{44178E58-BB99-4771-BA91-8BFAC8D42163}.Debug|Any CPU.ActiveCfg = Debug|Any CPU
		{44178E58-BB99-4771-BA91-8BFAC8D42163}.Debug|Any CPU.Build.0 = Debug|Any CPU
		{44178E58-BB99-4771-BA91-8BFAC8D42163}.Release|Any CPU.ActiveCfg = Release|Any CPU
		{44178E58-BB99-4771-BA91-8BFAC8D42163}.Release|Any CPU.Build.0 = Release|Any CPU
	EndGlobalSection
	GlobalSection(SolutionProperties) = preSolution
		HideSolutionNode = FALSE
	EndGlobalSection
EndGlobal
